// !$*UTF8*$!
{
	archiveVersion = 1;
	classes = {
	};
	objectVersion = 50;
	objects = {

/* Begin PBXBuildFile section */
		D8BAB8AD2274F08B007BCCA9 /* AppDelegate.swift in Sources */ = {isa = PBXBuildFile; fileRef = D8BAB8AC2274F08B007BCCA9 /* AppDelegate.swift */; };
		D8BAB8AF2274F08B007BCCA9 /* ForecastViewController.swift in Sources */ = {isa = PBXBuildFile; fileRef = D8BAB8AE2274F08B007BCCA9 /* ForecastViewController.swift */; };
		D8BAB8B42274F08D007BCCA9 /* Assets.xcassets in Resources */ = {isa = PBXBuildFile; fileRef = D8BAB8B32274F08D007BCCA9 /* Assets.xcassets */; };
		D8BAB8B72274F08D007BCCA9 /* LaunchScreen.storyboard in Resources */ = {isa = PBXBuildFile; fileRef = D8BAB8B52274F08D007BCCA9 /* LaunchScreen.storyboard */; };
		D8BAB8BF2274F1C0007BCCA9 /* Room.swift in Sources */ = {isa = PBXBuildFile; fileRef = D8BAB8BE2274F1C0007BCCA9 /* Room.swift */; };
		D8BAB8C12274F3F8007BCCA9 /* ForecastViewModel.swift in Sources */ = {isa = PBXBuildFile; fileRef = D8BAB8C02274F3F8007BCCA9 /* ForecastViewModel.swift */; };
		D8BAB8C32274F521007BCCA9 /* ForecastViewController.xib in Resources */ = {isa = PBXBuildFile; fileRef = D8BAB8C22274F521007BCCA9 /* ForecastViewController.xib */; };
		D8BAB8C522750954007BCCA9 /* Defaults.swift in Sources */ = {isa = PBXBuildFile; fileRef = D8BAB8C422750954007BCCA9 /* Defaults.swift */; };
		D8BAB8CF2275101F007BCCA9 /* icon120x120.png in Resources */ = {isa = PBXBuildFile; fileRef = D8BAB8C72275101F007BCCA9 /* icon120x120.png */; };
		D8BAB8D02275101F007BCCA9 /* icon58x58.png in Resources */ = {isa = PBXBuildFile; fileRef = D8BAB8C82275101F007BCCA9 /* icon58x58.png */; };
		D8BAB8D12275101F007BCCA9 /* icon20x20.png in Resources */ = {isa = PBXBuildFile; fileRef = D8BAB8C92275101F007BCCA9 /* icon20x20.png */; };
		D8BAB8D22275101F007BCCA9 /* icon80x80.png in Resources */ = {isa = PBXBuildFile; fileRef = D8BAB8CA2275101F007BCCA9 /* icon80x80.png */; };
		D8BAB8D32275101F007BCCA9 /* icon76x76.png in Resources */ = {isa = PBXBuildFile; fileRef = D8BAB8CB2275101F007BCCA9 /* icon76x76.png */; };
		D8BAB8D42275101F007BCCA9 /* icon29x29.png in Resources */ = {isa = PBXBuildFile; fileRef = D8BAB8CC2275101F007BCCA9 /* icon29x29.png */; };
		D8BAB8D52275101F007BCCA9 /* icon40x40.png in Resources */ = {isa = PBXBuildFile; fileRef = D8BAB8CD2275101F007BCCA9 /* icon40x40.png */; };
		D8BAB8D62275101F007BCCA9 /* icon167x167.png in Resources */ = {isa = PBXBuildFile; fileRef = D8BAB8CE2275101F007BCCA9 /* icon167x167.png */; };
/* End PBXBuildFile section */

/* Begin PBXFileReference section */
		D8BAB8A92274F08B007BCCA9 /* CleaningRotation.app */ = {isa = PBXFileReference; explicitFileType = wrapper.application; includeInIndex = 0; path = CleaningRotation.app; sourceTree = BUILT_PRODUCTS_DIR; };
		D8BAB8AC2274F08B007BCCA9 /* AppDelegate.swift */ = {isa = PBXFileReference; lastKnownFileType = sourcecode.swift; path = AppDelegate.swift; sourceTree = "<group>"; };
		D8BAB8AE2274F08B007BCCA9 /* ForecastViewController.swift */ = {isa = PBXFileReference; lastKnownFileType = sourcecode.swift; path = ForecastViewController.swift; sourceTree = "<group>"; };
		D8BAB8B32274F08D007BCCA9 /* Assets.xcassets */ = {isa = PBXFileReference; lastKnownFileType = folder.assetcatalog; path = Assets.xcassets; sourceTree = "<group>"; };
		D8BAB8B62274F08D007BCCA9 /* Base */ = {isa = PBXFileReference; lastKnownFileType = file.storyboard; name = Base; path = Base.lproj/LaunchScreen.storyboard; sourceTree = "<group>"; };
		D8BAB8B82274F08D007BCCA9 /* Info.plist */ = {isa = PBXFileReference; lastKnownFileType = text.plist.xml; path = Info.plist; sourceTree = "<group>"; };
		D8BAB8BE2274F1C0007BCCA9 /* Room.swift */ = {isa = PBXFileReference; lastKnownFileType = sourcecode.swift; path = Room.swift; sourceTree = "<group>"; };
		D8BAB8C02274F3F8007BCCA9 /* ForecastViewModel.swift */ = {isa = PBXFileReference; lastKnownFileType = sourcecode.swift; path = ForecastViewModel.swift; sourceTree = "<group>"; };
		D8BAB8C22274F521007BCCA9 /* ForecastViewController.xib */ = {isa = PBXFileReference; lastKnownFileType = file.xib; path = ForecastViewController.xib; sourceTree = "<group>"; };
		D8BAB8C422750954007BCCA9 /* Defaults.swift */ = {isa = PBXFileReference; lastKnownFileType = sourcecode.swift; path = Defaults.swift; sourceTree = "<group>"; };
		D8BAB8C72275101F007BCCA9 /* icon120x120.png */ = {isa = PBXFileReference; lastKnownFileType = image.png; path = icon120x120.png; sourceTree = "<group>"; };
		D8BAB8C82275101F007BCCA9 /* icon58x58.png */ = {isa = PBXFileReference; lastKnownFileType = image.png; path = icon58x58.png; sourceTree = "<group>"; };
		D8BAB8C92275101F007BCCA9 /* icon20x20.png */ = {isa = PBXFileReference; lastKnownFileType = image.png; path = icon20x20.png; sourceTree = "<group>"; };
		D8BAB8CA2275101F007BCCA9 /* icon80x80.png */ = {isa = PBXFileReference; lastKnownFileType = image.png; path = icon80x80.png; sourceTree = "<group>"; };
		D8BAB8CB2275101F007BCCA9 /* icon76x76.png */ = {isa = PBXFileReference; lastKnownFileType = image.png; path = icon76x76.png; sourceTree = "<group>"; };
		D8BAB8CC2275101F007BCCA9 /* icon29x29.png */ = {isa = PBXFileReference; lastKnownFileType = image.png; path = icon29x29.png; sourceTree = "<group>"; };
		D8BAB8CD2275101F007BCCA9 /* icon40x40.png */ = {isa = PBXFileReference; lastKnownFileType = image.png; path = icon40x40.png; sourceTree = "<group>"; };
		D8BAB8CE2275101F007BCCA9 /* icon167x167.png */ = {isa = PBXFileReference; lastKnownFileType = image.png; path = icon167x167.png; sourceTree = "<group>"; };
/* End PBXFileReference section */

/* Begin PBXFrameworksBuildPhase section */
		D8BAB8A62274F08B007BCCA9 /* Frameworks */ = {
			isa = PBXFrameworksBuildPhase;
			buildActionMask = 2147483647;
			files = (
			);
			runOnlyForDeploymentPostprocessing = 0;
		};
/* End PBXFrameworksBuildPhase section */

/* Begin PBXGroup section */
		D8BAB8A02274F08B007BCCA9 = {
			isa = PBXGroup;
			children = (
				D8BAB8AB2274F08B007BCCA9 /* CleaningRotation */,
				D8BAB8AA2274F08B007BCCA9 /* Products */,
			);
			sourceTree = "<group>";
		};
		D8BAB8AA2274F08B007BCCA9 /* Products */ = {
			isa = PBXGroup;
			children = (
				D8BAB8A92274F08B007BCCA9 /* CleaningRotation.app */,
			);
			name = Products;
			sourceTree = "<group>";
		};
		D8BAB8AB2274F08B007BCCA9 /* CleaningRotation */ = {
			isa = PBXGroup;
			children = (
				D8BAB8AC2274F08B007BCCA9 /* AppDelegate.swift */,
				D8BAB8C02274F3F8007BCCA9 /* ForecastViewModel.swift */,
				D8BAB8AE2274F08B007BCCA9 /* ForecastViewController.swift */,
				D8BAB8C22274F521007BCCA9 /* ForecastViewController.xib */,
				D8BAB8BE2274F1C0007BCCA9 /* Room.swift */,
				D8BAB8C422750954007BCCA9 /* Defaults.swift */,
				D8BAB8B32274F08D007BCCA9 /* Assets.xcassets */,
				D8BAB8C62275101F007BCCA9 /* AppIcon */,
				D8BAB8B52274F08D007BCCA9 /* LaunchScreen.storyboard */,
				D8BAB8B82274F08D007BCCA9 /* Info.plist */,
			);
			path = CleaningRotation;
			sourceTree = "<group>";
		};
		D8BAB8C62275101F007BCCA9 /* AppIcon */ = {
			isa = PBXGroup;
			children = (
				D8BAB8C92275101F007BCCA9 /* icon20x20.png */,
				D8BAB8CC2275101F007BCCA9 /* icon29x29.png */,
				D8BAB8C82275101F007BCCA9 /* icon58x58.png */,
				D8BAB8CD2275101F007BCCA9 /* icon40x40.png */,
				D8BAB8CB2275101F007BCCA9 /* icon76x76.png */,
				D8BAB8CA2275101F007BCCA9 /* icon80x80.png */,
				D8BAB8C72275101F007BCCA9 /* icon120x120.png */,
				D8BAB8CE2275101F007BCCA9 /* icon167x167.png */,
			);
			path = AppIcon;
			sourceTree = "<group>";
		};
/* End PBXGroup section */

/* Begin PBXNativeTarget section */
		D8BAB8A82274F08B007BCCA9 /* CleaningRotation */ = {
			isa = PBXNativeTarget;
			buildConfigurationList = D8BAB8BB2274F08D007BCCA9 /* Build configuration list for PBXNativeTarget "CleaningRotation" */;
			buildPhases = (
				D8BAB8A52274F08B007BCCA9 /* Sources */,
				D8BAB8A62274F08B007BCCA9 /* Frameworks */,
				D8BAB8A72274F08B007BCCA9 /* Resources */,
			);
			buildRules = (
			);
			dependencies = (
			);
			name = CleaningRotation;
			productName = CleaningRotation;
			productReference = D8BAB8A92274F08B007BCCA9 /* CleaningRotation.app */;
			productType = "com.apple.product-type.application";
		};
/* End PBXNativeTarget section */

/* Begin PBXProject section */
		D8BAB8A12274F08B007BCCA9 /* Project object */ = {
			isa = PBXProject;
			attributes = {
				LastSwiftUpdateCheck = 1010;
				LastUpgradeCheck = 1010;
				ORGANIZATIONNAME = "Harry Nelken";
				TargetAttributes = {
					D8BAB8A82274F08B007BCCA9 = {
						CreatedOnToolsVersion = 10.1;
					};
				};
			};
			buildConfigurationList = D8BAB8A42274F08B007BCCA9 /* Build configuration list for PBXProject "CleaningRotation" */;
			compatibilityVersion = "Xcode 9.3";
			developmentRegion = en;
			hasScannedForEncodings = 0;
			knownRegions = (
				en,
				Base,
			);
			mainGroup = D8BAB8A02274F08B007BCCA9;
			productRefGroup = D8BAB8AA2274F08B007BCCA9 /* Products */;
			projectDirPath = "";
			projectRoot = "";
			targets = (
				D8BAB8A82274F08B007BCCA9 /* CleaningRotation */,
			);
		};
/* End PBXProject section */

/* Begin PBXResourcesBuildPhase section */
		D8BAB8A72274F08B007BCCA9 /* Resources */ = {
			isa = PBXResourcesBuildPhase;
			buildActionMask = 2147483647;
			files = (
				D8BAB8B72274F08D007BCCA9 /* LaunchScreen.storyboard in Resources */,
				D8BAB8D12275101F007BCCA9 /* icon20x20.png in Resources */,
				D8BAB8D62275101F007BCCA9 /* icon167x167.png in Resources */,
				D8BAB8D42275101F007BCCA9 /* icon29x29.png in Resources */,
				D8BAB8CF2275101F007BCCA9 /* icon120x120.png in Resources */,
				D8BAB8D32275101F007BCCA9 /* icon76x76.png in Resources */,
				D8BAB8D52275101F007BCCA9 /* icon40x40.png in Resources */,
				D8BAB8D22275101F007BCCA9 /* icon80x80.png in Resources */,
				D8BAB8C32274F521007BCCA9 /* ForecastViewController.xib in Resources */,
				D8BAB8B42274F08D007BCCA9 /* Assets.xcassets in Resources */,
				D8BAB8D02275101F007BCCA9 /* icon58x58.png in Resources */,
			);
			runOnlyForDeploymentPostprocessing = 0;
		};
/* End PBXResourcesBuildPhase section */

/* Begin PBXSourcesBuildPhase section */
		D8BAB8A52274F08B007BCCA9 /* Sources */ = {
			isa = PBXSourcesBuildPhase;
			buildActionMask = 2147483647;
			files = (
				D8BAB8AF2274F08B007BCCA9 /* ForecastViewController.swift in Sources */,
				D8BAB8C12274F3F8007BCCA9 /* ForecastViewModel.swift in Sources */,
				D8BAB8C522750954007BCCA9 /* Defaults.swift in Sources */,
				D8BAB8AD2274F08B007BCCA9 /* AppDelegate.swift in Sources */,
				D8BAB8BF2274F1C0007BCCA9 /* Room.swift in Sources */,
			);
			runOnlyForDeploymentPostprocessing = 0;
		};
/* End PBXSourcesBuildPhase section */

/* Begin PBXVariantGroup section */
		D8BAB8B52274F08D007BCCA9 /* LaunchScreen.storyboard */ = {
			isa = PBXVariantGroup;
			children = (
				D8BAB8B62274F08D007BCCA9 /* Base */,
			);
			name = LaunchScreen.storyboard;
			sourceTree = "<group>";
		};
/* End PBXVariantGroup section */

/* Begin XCBuildConfiguration section */
		D8BAB8B92274F08D007BCCA9 /* Debug */ = {
			isa = XCBuildConfiguration;
			buildSettings = {
				ALWAYS_SEARCH_USER_PATHS = NO;
				CLANG_ANALYZER_NONNULL = YES;
				CLANG_ANALYZER_NUMBER_OBJECT_CONVERSION = YES_AGGRESSIVE;
				CLANG_CXX_LANGUAGE_STANDARD = "gnu++14";
				CLANG_CXX_LIBRARY = "libc++";
				CLANG_ENABLE_MODULES = YES;
				CLANG_ENABLE_OBJC_ARC = YES;
				CLANG_ENABLE_OBJC_WEAK = YES;
				CLANG_WARN_BLOCK_CAPTURE_AUTORELEASING = YES;
				CLANG_WARN_BOOL_CONVERSION = YES;
				CLANG_WARN_COMMA = YES;
				CLANG_WARN_CONSTANT_CONVERSION = YES;
				CLANG_WARN_DEPRECATED_OBJC_IMPLEMENTATIONS = YES;
				CLANG_WARN_DIRECT_OBJC_ISA_USAGE = YES_ERROR;
				CLANG_WARN_DOCUMENTATION_COMMENTS = YES;
				CLANG_WARN_EMPTY_BODY = YES;
				CLANG_WARN_ENUM_CONVERSION = YES;
				CLANG_WARN_INFINITE_RECURSION = YES;
				CLANG_WARN_INT_CONVERSION = YES;
				CLANG_WARN_NON_LITERAL_NULL_CONVERSION = YES;
				CLANG_WARN_OBJC_IMPLICIT_RETAIN_SELF = YES;
				CLANG_WARN_OBJC_LITERAL_CONVERSION = YES;
				CLANG_WARN_OBJC_ROOT_CLASS = YES_ERROR;
				CLANG_WARN_RANGE_LOOP_ANALYSIS = YES;
				CLANG_WARN_STRICT_PROTOTYPES = YES;
				CLANG_WARN_SUSPICIOUS_MOVE = YES;
				CLANG_WARN_UNGUARDED_AVAILABILITY = YES_AGGRESSIVE;
				CLANG_WARN_UNREACHABLE_CODE = YES;
				CLANG_WARN__DUPLICATE_METHOD_MATCH = YES;
				CODE_SIGN_IDENTITY = "iPhone Developer";
				COPY_PHASE_STRIP = NO;
				DEBUG_INFORMATION_FORMAT = dwarf;
				ENABLE_STRICT_OBJC_MSGSEND = YES;
				ENABLE_TESTABILITY = YES;
				GCC_C_LANGUAGE_STANDARD = gnu11;
				GCC_DYNAMIC_NO_PIC = NO;
				GCC_NO_COMMON_BLOCKS = YES;
				GCC_OPTIMIZATION_LEVEL = 0;
				GCC_PREPROCESSOR_DEFINITIONS = (
					"DEBUG=1",
					"$(inherited)",
				);
				GCC_WARN_64_TO_32_BIT_CONVERSION = YES;
				GCC_WARN_ABOUT_RETURN_TYPE = YES_ERROR;
				GCC_WARN_UNDECLARED_SELECTOR = YES;
				GCC_WARN_UNINITIALIZED_AUTOS = YES_AGGRESSIVE;
				GCC_WARN_UNUSED_FUNCTION = YES;
				GCC_WARN_UNUSED_VARIABLE = YES;
				IPHONEOS_DEPLOYMENT_TARGET = 12.1;
				MTL_ENABLE_DEBUG_INFO = INCLUDE_SOURCE;
				MTL_FAST_MATH = YES;
				ONLY_ACTIVE_ARCH = YES;
				SDKROOT = iphoneos;
				SWIFT_ACTIVE_COMPILATION_CONDITIONS = DEBUG;
				SWIFT_OPTIMIZATION_LEVEL = "-Onone";
			};
			name = Debug;
		};
		D8BAB8BA2274F08D007BCCA9 /* Release */ = {
			isa = XCBuildConfiguration;
			buildSettings = {
				ALWAYS_SEARCH_USER_PATHS = NO;
				CLANG_ANALYZER_NONNULL = YES;
				CLANG_ANALYZER_NUMBER_OBJECT_CONVERSION = YES_AGGRESSIVE;
				CLANG_CXX_LANGUAGE_STANDARD = "gnu++14";
				CLANG_CXX_LIBRARY = "libc++";
				CLANG_ENABLE_MODULES = YES;
				CLANG_ENABLE_OBJC_ARC = YES;
				CLANG_ENABLE_OBJC_WEAK = YES;
				CLANG_WARN_BLOCK_CAPTURE_AUTORELEASING = YES;
				CLANG_WARN_BOOL_CONVERSION = YES;
				CLANG_WARN_COMMA = YES;
				CLANG_WARN_CONSTANT_CONVERSION = YES;
				CLANG_WARN_DEPRECATED_OBJC_IMPLEMENTATIONS = YES;
				CLANG_WARN_DIRECT_OBJC_ISA_USAGE = YES_ERROR;
				CLANG_WARN_DOCUMENTATION_COMMENTS = YES;
				CLANG_WARN_EMPTY_BODY = YES;
				CLANG_WARN_ENUM_CONVERSION = YES;
				CLANG_WARN_INFINITE_RECURSION = YES;
				CLANG_WARN_INT_CONVERSION = YES;
				CLANG_WARN_NON_LITERAL_NULL_CONVERSION = YES;
				CLANG_WARN_OBJC_IMPLICIT_RETAIN_SELF = YES;
				CLANG_WARN_OBJC_LITERAL_CONVERSION = YES;
				CLANG_WARN_OBJC_ROOT_CLASS = YES_ERROR;
				CLANG_WARN_RANGE_LOOP_ANALYSIS = YES;
				CLANG_WARN_STRICT_PROTOTYPES = YES;
				CLANG_WARN_SUSPICIOUS_MOVE = YES;
				CLANG_WARN_UNGUARDED_AVAILABILITY = YES_AGGRESSIVE;
				CLANG_WARN_UNREACHABLE_CODE = YES;
				CLANG_WARN__DUPLICATE_METHOD_MATCH = YES;
				CODE_SIGN_IDENTITY = "iPhone Developer";
				COPY_PHASE_STRIP = NO;
				DEBUG_INFORMATION_FORMAT = "dwarf-with-dsym";
				ENABLE_NS_ASSERTIONS = NO;
				ENABLE_STRICT_OBJC_MSGSEND = YES;
				GCC_C_LANGUAGE_STANDARD = gnu11;
				GCC_NO_COMMON_BLOCKS = YES;
				GCC_WARN_64_TO_32_BIT_CONVERSION = YES;
				GCC_WARN_ABOUT_RETURN_TYPE = YES_ERROR;
				GCC_WARN_UNDECLARED_SELECTOR = YES;
				GCC_WARN_UNINITIALIZED_AUTOS = YES_AGGRESSIVE;
				GCC_WARN_UNUSED_FUNCTION = YES;
				GCC_WARN_UNUSED_VARIABLE = YES;
				IPHONEOS_DEPLOYMENT_TARGET = 12.1;
				MTL_ENABLE_DEBUG_INFO = NO;
				MTL_FAST_MATH = YES;
				SDKROOT = iphoneos;
				SWIFT_COMPILATION_MODE = wholemodule;
				SWIFT_OPTIMIZATION_LEVEL = "-O";
				VALIDATE_PRODUCT = YES;
			};
			name = Release;
		};
		D8BAB8BC2274F08D007BCCA9 /* Debug */ = {
			isa = XCBuildConfiguration;
			buildSettings = {
				ASSETCATALOG_COMPILER_APPICON_NAME = AppIcon;
				CODE_SIGN_STYLE = Automatic;
				DEVELOPMENT_TEAM = X7WMT94Y93;
				INFOPLIST_FILE = CleaningRotation/Info.plist;
				LD_RUNPATH_SEARCH_PATHS = (
					"$(inherited)",
					"@executable_path/Frameworks",
				);
				PRODUCT_BUNDLE_IDENTIFIER = com.hnelken.CleaningRotation;
				PRODUCT_NAME = "$(TARGET_NAME)";
				SWIFT_VERSION = 4.2;
				TARGETED_DEVICE_FAMILY = "1,2";
			};
			name = Debug;
		};
		D8BAB8BD2274F08D007BCCA9 /* Release */ = {
			isa = XCBuildConfiguration;
			buildSettings = {
				ASSETCATALOG_COMPILER_APPICON_NAME = AppIcon;
				CODE_SIGN_STYLE = Automatic;
				DEVELOPMENT_TEAM = X7WMT94Y93;
				INFOPLIST_FILE = CleaningRotation/Info.plist;
				LD_RUNPATH_SEARCH_PATHS = (
					"$(inherited)",
					"@executable_path/Frameworks",
				);
				PRODUCT_BUNDLE_IDENTIFIER = com.hnelken.CleaningRotation;
				PRODUCT_NAME = "$(TARGET_NAME)";
				SWIFT_VERSION = 4.2;
				TARGETED_DEVICE_FAMILY = "1,2";
			};
			name = Release;
		};
/* End XCBuildConfiguration section */

/* Begin XCConfigurationList section */
		D8BAB8A42274F08B007BCCA9 /* Build configuration list for PBXProject "CleaningRotation" */ = {
			isa = XCConfigurationList;
			buildConfigurations = (
				D8BAB8B92274F08D007BCCA9 /* Debug */,
				D8BAB8BA2274F08D007BCCA9 /* Release */,
			);
			defaultConfigurationIsVisible = 0;
			defaultConfigurationName = Release;
		};
		D8BAB8BB2274F08D007BCCA9 /* Build configuration list for PBXNativeTarget "CleaningRotation" */ = {
			isa = XCConfigurationList;
			buildConfigurations = (
				D8BAB8BC2274F08D007BCCA9 /* Debug */,
				D8BAB8BD2274F08D007BCCA9 /* Release */,
			);
			defaultConfigurationIsVisible = 0;
			defaultConfigurationName = Release;
		};
/* End XCConfigurationList section */
	};
	rootObject = D8BAB8A12274F08B007BCCA9 /* Project object */;
}
